
Microsoft Visual Studio Solution File, Format Version 12.00
# Visual Studio 2012
Project("{FAE04EC0-301F-11D3-BF4B-00C04F79EFBC}") = "PhotoTaker.Android", "PhotoTaker.Android\PhotoTaker.Android.csproj", "{B1FCEE95-029F-47D1-BF10-78A040CB9EB0}"
EndProject
Project("{FAE04EC0-301F-11D3-BF4B-00C04F79EFBC}") = "PhotoTaker.iOS", "PhotoTaker.iOS\PhotoTaker.iOS.csproj", "{F9FACBD6-4AC8-4D8D-BD84-191C83580D77}"
EndProject
Project("{FAE04EC0-301F-11D3-BF4B-00C04F79EFBC}") = "PhotoTaker.UITests", "PhotoTaker.UITests\PhotoTaker.UITests.csproj", "{B19C892E-2628-4CA7-AD27-08D406A3B14B}"
EndProject
Project("{FAE04EC0-301F-11D3-BF4B-00C04F79EFBC}") = "PhotoTaker", "PhotoTaker\PhotoTaker.csproj", "{3EB60500-6B05-4CAC-8339-8304C19AA370}"
EndProject
Global
	GlobalSection(SolutionConfigurationPlatforms) = preSolution
		Debug|Any CPU = Debug|Any CPU
		Release|Any CPU = Release|Any CPU
		Debug|iPhoneSimulator = Debug|iPhoneSimulator
		Release|iPhoneSimulator = Release|iPhoneSimulator
		Debug|iPhone = Debug|iPhone
		Release|iPhone = Release|iPhone
		Ad-Hoc|iPhone = Ad-Hoc|iPhone
		AppStore|iPhone = AppStore|iPhone
	EndGlobalSection
	GlobalSection(ProjectConfigurationPlatforms) = postSolution
		{B1FCEE95-029F-47D1-BF10-78A040CB9EB0}.Debug|Any CPU.ActiveCfg = Debug|Any CPU
		{B1FCEE95-029F-47D1-BF10-78A040CB9EB0}.Debug|Any CPU.Build.0 = Debug|Any CPU
		{B1FCEE95-029F-47D1-BF10-78A040CB9EB0}.Release|Any CPU.ActiveCfg = Release|Any CPU
		{B1FCEE95-029F-47D1-BF10-78A040CB9EB0}.Release|Any CPU.Build.0 = Release|Any CPU
		{B1FCEE95-029F-47D1-BF10-78A040CB9EB0}.Debug|iPhoneSimulator.ActiveCfg = Debug|Any CPU
		{B1FCEE95-029F-47D1-BF10-78A040CB9EB0}.Debug|iPhoneSimulator.Build.0 = Debug|Any CPU
		{B1FCEE95-029F-47D1-BF10-78A040CB9EB0}.Release|iPhoneSimulator.ActiveCfg = Release|Any CPU
		{B1FCEE95-029F-47D1-BF10-78A040CB9EB0}.Release|iPhoneSimulator.Build.0 = Release|Any CPU
		{B1FCEE95-029F-47D1-BF10-78A040CB9EB0}.Debug|iPhone.ActiveCfg = Debug|Any CPU
		{B1FCEE95-029F-47D1-BF10-78A040CB9EB0}.Debug|iPhone.Build.0 = Debug|Any CPU
		{B1FCEE95-029F-47D1-BF10-78A040CB9EB0}.Release|iPhone.ActiveCfg = Release|Any CPU
		{B1FCEE95-029F-47D1-BF10-78A040CB9EB0}.Release|iPhone.Build.0 = Release|Any CPU
		{B1FCEE95-029F-47D1-BF10-78A040CB9EB0}.Ad-Hoc|iPhone.ActiveCfg = Debug|Any CPU
		{B1FCEE95-029F-47D1-BF10-78A040CB9EB0}.Ad-Hoc|iPhone.Build.0 = Debug|Any CPU
		{B1FCEE95-029F-47D1-BF10-78A040CB9EB0}.AppStore|iPhone.ActiveCfg = Debug|Any CPU
		{B1FCEE95-029F-47D1-BF10-78A040CB9EB0}.AppStore|iPhone.Build.0 = Debug|Any CPU
		{F9FACBD6-4AC8-4D8D-BD84-191C83580D77}.Debug|Any CPU.ActiveCfg = Debug|iPhoneSimulator
		{F9FACBD6-4AC8-4D8D-BD84-191C83580D77}.Debug|Any CPU.Build.0 = Debug|iPhoneSimulator
		{F9FACBD6-4AC8-4D8D-BD84-191C83580D77}.Release|Any CPU.ActiveCfg = Release|iPhoneSimulator
		{F9FACBD6-4AC8-4D8D-BD84-191C83580D77}.Release|Any CPU.Build.0 = Release|iPhoneSimulator
		{F9FACBD6-4AC8-4D8D-BD84-191C83580D77}.Debug|iPhoneSimulator.ActiveCfg = Debug|iPhoneSimulator
		{F9FACBD6-4AC8-4D8D-BD84-191C83580D77}.Debug|iPhoneSimulator.Build.0 = Debug|iPhoneSimulator
		{F9FACBD6-4AC8-4D8D-BD84-191C83580D77}.Release|iPhoneSimulator.ActiveCfg = Release|iPhoneSimulator
		{F9FACBD6-4AC8-4D8D-BD84-191C83580D77}.Release|iPhoneSimulator.Build.0 = Release|iPhoneSimulator
		{F9FACBD6-4AC8-4D8D-BD84-191C83580D77}.Debug|iPhone.ActiveCfg = Debug|iPhone
		{F9FACBD6-4AC8-4D8D-BD84-191C83580D77}.Debug|iPhone.Build.0 = Debug|iPhone
		{F9FACBD6-4AC8-4D8D-BD84-191C83580D77}.Release|iPhone.ActiveCfg = Release|iPhone
		{F9FACBD6-4AC8-4D8D-BD84-191C83580D77}.Release|iPhone.Build.0 = Release|iPhone
		{F9FACBD6-4AC8-4D8D-BD84-191C83580D77}.Ad-Hoc|iPhone.ActiveCfg = Ad-Hoc|iPhone
		{F9FACBD6-4AC8-4D8D-BD84-191C83580D77}.Ad-Hoc|iPhone.Build.0 = Ad-Hoc|iPhone
		{F9FACBD6-4AC8-4D8D-BD84-191C83580D77}.AppStore|iPhone.ActiveCfg = AppStore|iPhone
		{F9FACBD6-4AC8-4D8D-BD84-191C83580D77}.AppStore|iPhone.Build.0 = AppStore|iPhone
		{B19C892E-2628-4CA7-AD27-08D406A3B14B}.Debug|Any CPU.ActiveCfg = Debug|Any CPU
		{B19C892E-2628-4CA7-AD27-08D406A3B14B}.Debug|Any CPU.Build.0 = Debug|Any CPU
		{B19C892E-2628-4CA7-AD27-08D406A3B14B}.Release|Any CPU.ActiveCfg = Release|Any CPU
		{B19C892E-2628-4CA7-AD27-08D406A3B14B}.Release|Any CPU.Build.0 = Release|Any CPU
		{B19C892E-2628-4CA7-AD27-08D406A3B14B}.Debug|iPhoneSimulator.ActiveCfg = Debug|Any CPU
		{B19C892E-2628-4CA7-AD27-08D406A3B14B}.Debug|iPhoneSimulator.Build.0 = Debug|Any CPU
		{B19C892E-2628-4CA7-AD27-08D406A3B14B}.Release|iPhoneSimulator.ActiveCfg = Release|Any CPU
		{B19C892E-2628-4CA7-AD27-08D406A3B14B}.Release|iPhoneSimulator.Build.0 = Release|Any CPU
		{B19C892E-2628-4CA7-AD27-08D406A3B14B}.Debug|iPhone.ActiveCfg = Debug|Any CPU
		{B19C892E-2628-4CA7-AD27-08D406A3B14B}.Debug|iPhone.Build.0 = Debug|Any CPU
		{B19C892E-2628-4CA7-AD27-08D406A3B14B}.Release|iPhone.ActiveCfg = Release|Any CPU
		{B19C892E-2628-4CA7-AD27-08D406A3B14B}.Release|iPhone.Build.0 = Release|Any CPU
		{B19C892E-2628-4CA7-AD27-08D406A3B14B}.Ad-Hoc|iPhone.ActiveCfg = Debug|Any CPU
		{B19C892E-2628-4CA7-AD27-08D406A3B14B}.Ad-Hoc|iPhone.Build.0 = Debug|Any CPU
		{B19C892E-2628-4CA7-AD27-08D406A3B14B}.AppStore|iPhone.ActiveCfg = Debug|Any CPU
		{B19C892E-2628-4CA7-AD27-08D406A3B14B}.AppStore|iPhone.Build.0 = Debug|Any CPU
		{3EB60500-6B05-4CAC-8339-8304C19AA370}.Debug|Any CPU.ActiveCfg = Debug|Any CPU
		{3EB60500-6B05-4CAC-8339-8304C19AA370}.Debug|Any CPU.Build.0 = Debug|Any CPU
		{3EB60500-6B05-4CAC-8339-8304C19AA370}.Release|Any CPU.ActiveCfg = Release|Any CPU
		{3EB60500-6B05-4CAC-8339-8304C19AA370}.Release|Any CPU.Build.0 = Release|Any CPU
		{3EB60500-6B05-4CAC-8339-8304C19AA370}.Debug|iPhoneSimulator.ActiveCfg = Debug|Any CPU
		{3EB60500-6B05-4CAC-8339-8304C19AA370}.Debug|iPhoneSimulator.Build.0 = Debug|Any CPU
		{3EB60500-6B05-4CAC-8339-8304C19AA370}.Release|iPhoneSimulator.ActiveCfg = Release|Any CPU
		{3EB60500-6B05-4CAC-8339-8304C19AA370}.Release|iPhoneSimulator.Build.0 = Release|Any CPU
		{3EB60500-6B05-4CAC-8339-8304C19AA370}.Debug|iPhone.ActiveCfg = Debug|Any CPU
		{3EB60500-6B05-4CAC-8339-8304C19AA370}.Debug|iPhone.Build.0 = Debug|Any CPU
		{3EB60500-6B05-4CAC-8339-8304C19AA370}.Release|iPhone.ActiveCfg = Release|Any CPU
		{3EB60500-6B05-4CAC-8339-8304C19AA370}.Release|iPhone.Build.0 = Release|Any CPU
		{3EB60500-6B05-4CAC-8339-8304C19AA370}.Ad-Hoc|iPhone.ActiveCfg = Debug|Any CPU
		{3EB60500-6B05-4CAC-8339-8304C19AA370}.Ad-Hoc|iPhone.Build.0 = Debug|Any CPU
		{3EB60500-6B05-4CAC-8339-8304C19AA370}.AppStore|iPhone.ActiveCfg = Debug|Any CPU
		{3EB60500-6B05-4CAC-8339-8304C19AA370}.AppStore|iPhone.Build.0 = Debug|Any CPU
	EndGlobalSection
EndGlobal
