Microsoft Visual Studio Solution File, Format Version 12.00
# Visual Studio 15
VisualStudioVersion = 15.0.27703.2035
MinimumVisualStudioVersion = 10.0.40219.1
Project("{FAE04EC0-301F-11D3-BF4B-00C04F79EFBC}") = "PhotoTaker.Android", "PhotoTaker.Android\PhotoTaker.Android.csproj", "{B1FCEE95-029F-47D1-BF10-78A040CB9EB0}"
EndProject
Project("{FAE04EC0-301F-11D3-BF4B-00C04F79EFBC}") = "PhotoTaker.iOS", "PhotoTaker.iOS\PhotoTaker.iOS.csproj", "{F9FACBD6-4AC8-4D8D-BD84-191C83580D77}"
EndProject
Project("{FAE04EC0-301F-11D3-BF4B-00C04F79EFBC}") = "PhotoTaker.UITests", "PhotoTaker.UITests\PhotoTaker.UITests.csproj", "{B19C892E-2628-4CA7-AD27-08D406A3B14B}"
EndProject
Project("{9A19103F-16F7-4668-BE54-9A1E7A4F7556}") = "PhotoTaker", "PhotoTaker\PhotoTaker.csproj", "{3EB60500-6B05-4CAC-8339-8304C19AA370}"
EndProject
Project("{9A19103F-16F7-4668-BE54-9A1E7A4F7556}") = "CrossAppsPhotoPlugin", "CrossAppsPhotoPlugin\CrossAppsPhotoPlugin.csproj", "{3A725DD0-73AF-42E4-B837-718DDA710658}"
EndProject
Project("{FAE04EC0-301F-11D3-BF4B-00C04F79EFBC}") = "CrossAppsPhotoPlugin.iOS", "CrossAppsPhotoPlugin.iOS\CrossAppsPhotoPlugin.iOS.csproj", "{E71F3053-056C-4381-9638-048ED73BDFF6}"
EndProject
Project("{FAE04EC0-301F-11D3-BF4B-00C04F79EFBC}") = "CrossAppsPhotoPlugin.Android", "CrossAppsPhotoPlugin.Android\CrossAppsPhotoPlugin.Android.csproj", "{57D0B07F-4F4F-471C-9BCA-E4A6275CEA05}"
EndProject
Global
	GlobalSection(SolutionConfigurationPlatforms) = preSolution
		Ad-Hoc|Any CPU = Ad-Hoc|Any CPU
		Ad-Hoc|iPhone = Ad-Hoc|iPhone
		Ad-Hoc|iPhoneSimulator = Ad-Hoc|iPhoneSimulator
		AppStore|Any CPU = AppStore|Any CPU
		AppStore|iPhone = AppStore|iPhone
		AppStore|iPhoneSimulator = AppStore|iPhoneSimulator
		Debug|Any CPU = Debug|Any CPU
		Debug|iPhone = Debug|iPhone
		Debug|iPhoneSimulator = Debug|iPhoneSimulator
		Release|Any CPU = Release|Any CPU
		Release|iPhone = Release|iPhone
		Release|iPhoneSimulator = Release|iPhoneSimulator
	EndGlobalSection
	GlobalSection(ProjectConfigurationPlatforms) = postSolution
		{B1FCEE95-029F-47D1-BF10-78A040CB9EB0}.Ad-Hoc|Any CPU.ActiveCfg = Release|Any CPU
		{B1FCEE95-029F-47D1-BF10-78A040CB9EB0}.Ad-Hoc|Any CPU.Build.0 = Release|Any CPU
		{B1FCEE95-029F-47D1-BF10-78A040CB9EB0}.Ad-Hoc|Any CPU.Deploy.0 = Release|Any CPU
		{B1FCEE95-029F-47D1-BF10-78A040CB9EB0}.Ad-Hoc|iPhone.ActiveCfg = Debug|Any CPU
		{B1FCEE95-029F-47D1-BF10-78A040CB9EB0}.Ad-Hoc|iPhone.Build.0 = Debug|Any CPU
		{B1FCEE95-029F-47D1-BF10-78A040CB9EB0}.Ad-Hoc|iPhoneSimulator.ActiveCfg = Release|Any CPU
		{B1FCEE95-029F-47D1-BF10-78A040CB9EB0}.Ad-Hoc|iPhoneSimulator.Build.0 = Release|Any CPU
		{B1FCEE95-029F-47D1-BF10-78A040CB9EB0}.Ad-Hoc|iPhoneSimulator.Deploy.0 = Release|Any CPU
		{B1FCEE95-029F-47D1-BF10-78A040CB9EB0}.AppStore|Any CPU.ActiveCfg = Release|Any CPU
		{B1FCEE95-029F-47D1-BF10-78A040CB9EB0}.AppStore|Any CPU.Build.0 = Release|Any CPU
		{B1FCEE95-029F-47D1-BF10-78A040CB9EB0}.AppStore|Any CPU.Deploy.0 = Release|Any CPU
		{B1FCEE95-029F-47D1-BF10-78A040CB9EB0}.AppStore|iPhone.ActiveCfg = Debug|Any CPU
		{B1FCEE95-029F-47D1-BF10-78A040CB9EB0}.AppStore|iPhone.Build.0 = Debug|Any CPU
		{B1FCEE95-029F-47D1-BF10-78A040CB9EB0}.AppStore|iPhoneSimulator.ActiveCfg = Release|Any CPU
		{B1FCEE95-029F-47D1-BF10-78A040CB9EB0}.AppStore|iPhoneSimulator.Build.0 = Release|Any CPU
		{B1FCEE95-029F-47D1-BF10-78A040CB9EB0}.AppStore|iPhoneSimulator.Deploy.0 = Release|Any CPU
		{B1FCEE95-029F-47D1-BF10-78A040CB9EB0}.Debug|Any CPU.ActiveCfg = Debug|Any CPU
		{B1FCEE95-029F-47D1-BF10-78A040CB9EB0}.Debug|Any CPU.Build.0 = Debug|Any CPU
		{B1FCEE95-029F-47D1-BF10-78A040CB9EB0}.Debug|Any CPU.Deploy.0 = Debug|Any CPU
		{B1FCEE95-029F-47D1-BF10-78A040CB9EB0}.Debug|iPhone.ActiveCfg = Debug|Any CPU
		{B1FCEE95-029F-47D1-BF10-78A040CB9EB0}.Debug|iPhone.Build.0 = Debug|Any CPU
		{B1FCEE95-029F-47D1-BF10-78A040CB9EB0}.Debug|iPhoneSimulator.ActiveCfg = Debug|Any CPU
		{B1FCEE95-029F-47D1-BF10-78A040CB9EB0}.Debug|iPhoneSimulator.Build.0 = Debug|Any CPU
		{B1FCEE95-029F-47D1-BF10-78A040CB9EB0}.Release|Any CPU.ActiveCfg = Release|Any CPU
		{B1FCEE95-029F-47D1-BF10-78A040CB9EB0}.Release|Any CPU.Build.0 = Release|Any CPU
		{B1FCEE95-029F-47D1-BF10-78A040CB9EB0}.Release|iPhone.ActiveCfg = Release|Any CPU
		{B1FCEE95-029F-47D1-BF10-78A040CB9EB0}.Release|iPhone.Build.0 = Release|Any CPU
		{B1FCEE95-029F-47D1-BF10-78A040CB9EB0}.Release|iPhoneSimulator.ActiveCfg = Release|Any CPU
		{B1FCEE95-029F-47D1-BF10-78A040CB9EB0}.Release|iPhoneSimulator.Build.0 = Release|Any CPU
		{F9FACBD6-4AC8-4D8D-BD84-191C83580D77}.Ad-Hoc|Any CPU.ActiveCfg = Ad-Hoc|iPhoneSimulator
		{F9FACBD6-4AC8-4D8D-BD84-191C83580D77}.Ad-Hoc|iPhone.ActiveCfg = Ad-Hoc|iPhone
		{F9FACBD6-4AC8-4D8D-BD84-191C83580D77}.Ad-Hoc|iPhone.Build.0 = Ad-Hoc|iPhone
		{F9FACBD6-4AC8-4D8D-BD84-191C83580D77}.Ad-Hoc|iPhoneSimulator.ActiveCfg = Ad-Hoc|iPhoneSimulator
		{F9FACBD6-4AC8-4D8D-BD84-191C83580D77}.Ad-Hoc|iPhoneSimulator.Build.0 = Ad-Hoc|iPhoneSimulator
		{F9FACBD6-4AC8-4D8D-BD84-191C83580D77}.AppStore|Any CPU.ActiveCfg = AppStore|iPhoneSimulator
		{F9FACBD6-4AC8-4D8D-BD84-191C83580D77}.AppStore|iPhone.ActiveCfg = AppStore|iPhone
		{F9FACBD6-4AC8-4D8D-BD84-191C83580D77}.AppStore|iPhone.Build.0 = AppStore|iPhone
		{F9FACBD6-4AC8-4D8D-BD84-191C83580D77}.AppStore|iPhoneSimulator.ActiveCfg = AppStore|iPhoneSimulator
		{F9FACBD6-4AC8-4D8D-BD84-191C83580D77}.AppStore|iPhoneSimulator.Build.0 = AppStore|iPhoneSimulator
		{F9FACBD6-4AC8-4D8D-BD84-191C83580D77}.Debug|Any CPU.ActiveCfg = Debug|iPhoneSimulator
		{F9FACBD6-4AC8-4D8D-BD84-191C83580D77}.Debug|Any CPU.Build.0 = Debug|iPhoneSimulator
		{F9FACBD6-4AC8-4D8D-BD84-191C83580D77}.Debug|iPhone.ActiveCfg = Debug|iPhone
		{F9FACBD6-4AC8-4D8D-BD84-191C83580D77}.Debug|iPhone.Build.0 = Debug|iPhone
		{F9FACBD6-4AC8-4D8D-BD84-191C83580D77}.Debug|iPhoneSimulator.ActiveCfg = Debug|iPhoneSimulator
		{F9FACBD6-4AC8-4D8D-BD84-191C83580D77}.Debug|iPhoneSimulator.Build.0 = Debug|iPhoneSimulator
		{F9FACBD6-4AC8-4D8D-BD84-191C83580D77}.Release|Any CPU.ActiveCfg = Release|iPhoneSimulator
		{F9FACBD6-4AC8-4D8D-BD84-191C83580D77}.Release|Any CPU.Build.0 = Release|iPhoneSimulator
		{F9FACBD6-4AC8-4D8D-BD84-191C83580D77}.Release|iPhone.ActiveCfg = Release|iPhone
		{F9FACBD6-4AC8-4D8D-BD84-191C83580D77}.Release|iPhone.Build.0 = Release|iPhone
		{F9FACBD6-4AC8-4D8D-BD84-191C83580D77}.Release|iPhoneSimulator.ActiveCfg = Release|iPhoneSimulator
		{F9FACBD6-4AC8-4D8D-BD84-191C83580D77}.Release|iPhoneSimulator.Build.0 = Release|iPhoneSimulator
		{B19C892E-2628-4CA7-AD27-08D406A3B14B}.Ad-Hoc|Any CPU.ActiveCfg = Release|Any CPU
		{B19C892E-2628-4CA7-AD27-08D406A3B14B}.Ad-Hoc|Any CPU.Build.0 = Release|Any CPU
		{B19C892E-2628-4CA7-AD27-08D406A3B14B}.Ad-Hoc|iPhone.ActiveCfg = Debug|Any CPU
		{B19C892E-2628-4CA7-AD27-08D406A3B14B}.Ad-Hoc|iPhone.Build.0 = Debug|Any CPU
		{B19C892E-2628-4CA7-AD27-08D406A3B14B}.Ad-Hoc|iPhoneSimulator.ActiveCfg = Release|Any CPU
		{B19C892E-2628-4CA7-AD27-08D406A3B14B}.Ad-Hoc|iPhoneSimulator.Build.0 = Release|Any CPU
		{B19C892E-2628-4CA7-AD27-08D406A3B14B}.AppStore|Any CPU.ActiveCfg = Release|Any CPU
		{B19C892E-2628-4CA7-AD27-08D406A3B14B}.AppStore|Any CPU.Build.0 = Release|Any CPU
		{B19C892E-2628-4CA7-AD27-08D406A3B14B}.AppStore|iPhone.ActiveCfg = Debug|Any CPU
		{B19C892E-2628-4CA7-AD27-08D406A3B14B}.AppStore|iPhone.Build.0 = Debug|Any CPU
		{B19C892E-2628-4CA7-AD27-08D406A3B14B}.AppStore|iPhoneSimulator.ActiveCfg = Release|Any CPU
		{B19C892E-2628-4CA7-AD27-08D406A3B14B}.AppStore|iPhoneSimulator.Build.0 = Release|Any CPU
		{B19C892E-2628-4CA7-AD27-08D406A3B14B}.Debug|Any CPU.ActiveCfg = Debug|Any CPU
		{B19C892E-2628-4CA7-AD27-08D406A3B14B}.Debug|Any CPU.Build.0 = Debug|Any CPU
		{B19C892E-2628-4CA7-AD27-08D406A3B14B}.Debug|iPhone.ActiveCfg = Debug|Any CPU
		{B19C892E-2628-4CA7-AD27-08D406A3B14B}.Debug|iPhone.Build.0 = Debug|Any CPU
		{B19C892E-2628-4CA7-AD27-08D406A3B14B}.Debug|iPhoneSimulator.ActiveCfg = Debug|Any CPU
		{B19C892E-2628-4CA7-AD27-08D406A3B14B}.Debug|iPhoneSimulator.Build.0 = Debug|Any CPU
		{B19C892E-2628-4CA7-AD27-08D406A3B14B}.Release|Any CPU.ActiveCfg = Release|Any CPU
		{B19C892E-2628-4CA7-AD27-08D406A3B14B}.Release|Any CPU.Build.0 = Release|Any CPU
		{B19C892E-2628-4CA7-AD27-08D406A3B14B}.Release|iPhone.ActiveCfg = Release|Any CPU
		{B19C892E-2628-4CA7-AD27-08D406A3B14B}.Release|iPhone.Build.0 = Release|Any CPU
		{B19C892E-2628-4CA7-AD27-08D406A3B14B}.Release|iPhoneSimulator.ActiveCfg = Release|Any CPU
		{B19C892E-2628-4CA7-AD27-08D406A3B14B}.Release|iPhoneSimulator.Build.0 = Release|Any CPU
		{3EB60500-6B05-4CAC-8339-8304C19AA370}.Ad-Hoc|Any CPU.ActiveCfg = Release|Any CPU
		{3EB60500-6B05-4CAC-8339-8304C19AA370}.Ad-Hoc|Any CPU.Build.0 = Release|Any CPU
		{3EB60500-6B05-4CAC-8339-8304C19AA370}.Ad-Hoc|iPhone.ActiveCfg = Debug|Any CPU
		{3EB60500-6B05-4CAC-8339-8304C19AA370}.Ad-Hoc|iPhone.Build.0 = Debug|Any CPU
		{3EB60500-6B05-4CAC-8339-8304C19AA370}.Ad-Hoc|iPhoneSimulator.ActiveCfg = Release|Any CPU
		{3EB60500-6B05-4CAC-8339-8304C19AA370}.Ad-Hoc|iPhoneSimulator.Build.0 = Release|Any CPU
		{3EB60500-6B05-4CAC-8339-8304C19AA370}.AppStore|Any CPU.ActiveCfg = Release|Any CPU
		{3EB60500-6B05-4CAC-8339-8304C19AA370}.AppStore|Any CPU.Build.0 = Release|Any CPU
		{3EB60500-6B05-4CAC-8339-8304C19AA370}.AppStore|iPhone.ActiveCfg = Debug|Any CPU
		{3EB60500-6B05-4CAC-8339-8304C19AA370}.AppStore|iPhone.Build.0 = Debug|Any CPU
		{3EB60500-6B05-4CAC-8339-8304C19AA370}.AppStore|iPhoneSimulator.ActiveCfg = Release|Any CPU
		{3EB60500-6B05-4CAC-8339-8304C19AA370}.AppStore|iPhoneSimulator.Build.0 = Release|Any CPU
		{3EB60500-6B05-4CAC-8339-8304C19AA370}.Debug|Any CPU.ActiveCfg = Debug|Any CPU
		{3EB60500-6B05-4CAC-8339-8304C19AA370}.Debug|Any CPU.Build.0 = Debug|Any CPU
		{3EB60500-6B05-4CAC-8339-8304C19AA370}.Debug|iPhone.ActiveCfg = Debug|Any CPU
		{3EB60500-6B05-4CAC-8339-8304C19AA370}.Debug|iPhone.Build.0 = Debug|Any CPU
		{3EB60500-6B05-4CAC-8339-8304C19AA370}.Debug|iPhoneSimulator.ActiveCfg = Debug|Any CPU
		{3EB60500-6B05-4CAC-8339-8304C19AA370}.Debug|iPhoneSimulator.Build.0 = Debug|Any CPU
		{3EB60500-6B05-4CAC-8339-8304C19AA370}.Release|Any CPU.ActiveCfg = Release|Any CPU
		{3EB60500-6B05-4CAC-8339-8304C19AA370}.Release|Any CPU.Build.0 = Release|Any CPU
		{3EB60500-6B05-4CAC-8339-8304C19AA370}.Release|iPhone.ActiveCfg = Release|Any CPU
		{3EB60500-6B05-4CAC-8339-8304C19AA370}.Release|iPhone.Build.0 = Release|Any CPU
		{3EB60500-6B05-4CAC-8339-8304C19AA370}.Release|iPhoneSimulator.ActiveCfg = Release|Any CPU
		{3EB60500-6B05-4CAC-8339-8304C19AA370}.Release|iPhoneSimulator.Build.0 = Release|Any CPU
		{3A725DD0-73AF-42E4-B837-718DDA710658}.Ad-Hoc|Any CPU.ActiveCfg = Debug|Any CPU
		{3A725DD0-73AF-42E4-B837-718DDA710658}.Ad-Hoc|Any CPU.Build.0 = Debug|Any CPU
		{3A725DD0-73AF-42E4-B837-718DDA710658}.Ad-Hoc|iPhone.ActiveCfg = Debug|Any CPU
		{3A725DD0-73AF-42E4-B837-718DDA710658}.Ad-Hoc|iPhone.Build.0 = Debug|Any CPU
		{3A725DD0-73AF-42E4-B837-718DDA710658}.Ad-Hoc|iPhoneSimulator.ActiveCfg = Debug|Any CPU
		{3A725DD0-73AF-42E4-B837-718DDA710658}.Ad-Hoc|iPhoneSimulator.Build.0 = Debug|Any CPU
		{3A725DD0-73AF-42E4-B837-718DDA710658}.AppStore|Any CPU.ActiveCfg = Debug|Any CPU
		{3A725DD0-73AF-42E4-B837-718DDA710658}.AppStore|Any CPU.Build.0 = Debug|Any CPU
		{3A725DD0-73AF-42E4-B837-718DDA710658}.AppStore|iPhone.ActiveCfg = Debug|Any CPU
		{3A725DD0-73AF-42E4-B837-718DDA710658}.AppStore|iPhone.Build.0 = Debug|Any CPU
		{3A725DD0-73AF-42E4-B837-718DDA710658}.AppStore|iPhoneSimulator.ActiveCfg = Debug|Any CPU
		{3A725DD0-73AF-42E4-B837-718DDA710658}.AppStore|iPhoneSimulator.Build.0 = Debug|Any CPU
		{3A725DD0-73AF-42E4-B837-718DDA710658}.Debug|Any CPU.ActiveCfg = Debug|Any CPU
		{3A725DD0-73AF-42E4-B837-718DDA710658}.Debug|Any CPU.Build.0 = Debug|Any CPU
		{3A725DD0-73AF-42E4-B837-718DDA710658}.Debug|iPhone.ActiveCfg = Debug|Any CPU
		{3A725DD0-73AF-42E4-B837-718DDA710658}.Debug|iPhone.Build.0 = Debug|Any CPU
		{3A725DD0-73AF-42E4-B837-718DDA710658}.Debug|iPhoneSimulator.ActiveCfg = Debug|Any CPU
		{3A725DD0-73AF-42E4-B837-718DDA710658}.Debug|iPhoneSimulator.Build.0 = Debug|Any CPU
		{3A725DD0-73AF-42E4-B837-718DDA710658}.Release|Any CPU.ActiveCfg = Release|Any CPU
		{3A725DD0-73AF-42E4-B837-718DDA710658}.Release|Any CPU.Build.0 = Release|Any CPU
		{3A725DD0-73AF-42E4-B837-718DDA710658}.Release|iPhone.ActiveCfg = Release|Any CPU
		{3A725DD0-73AF-42E4-B837-718DDA710658}.Release|iPhone.Build.0 = Release|Any CPU
		{3A725DD0-73AF-42E4-B837-718DDA710658}.Release|iPhoneSimulator.ActiveCfg = Release|Any CPU
		{3A725DD0-73AF-42E4-B837-718DDA710658}.Release|iPhoneSimulator.Build.0 = Release|Any CPU
		{E71F3053-056C-4381-9638-048ED73BDFF6}.Ad-Hoc|Any CPU.ActiveCfg = Release|Any CPU
		{E71F3053-056C-4381-9638-048ED73BDFF6}.Ad-Hoc|Any CPU.Build.0 = Release|Any CPU
		{E71F3053-056C-4381-9638-048ED73BDFF6}.Ad-Hoc|iPhone.ActiveCfg = Release|Any CPU
		{E71F3053-056C-4381-9638-048ED73BDFF6}.Ad-Hoc|iPhone.Build.0 = Release|Any CPU
		{E71F3053-056C-4381-9638-048ED73BDFF6}.Ad-Hoc|iPhoneSimulator.ActiveCfg = Release|Any CPU
		{E71F3053-056C-4381-9638-048ED73BDFF6}.Ad-Hoc|iPhoneSimulator.Build.0 = Release|Any CPU
		{E71F3053-056C-4381-9638-048ED73BDFF6}.AppStore|Any CPU.ActiveCfg = Release|Any CPU
		{E71F3053-056C-4381-9638-048ED73BDFF6}.AppStore|Any CPU.Build.0 = Release|Any CPU
		{E71F3053-056C-4381-9638-048ED73BDFF6}.AppStore|iPhone.ActiveCfg = Release|Any CPU
		{E71F3053-056C-4381-9638-048ED73BDFF6}.AppStore|iPhone.Build.0 = Release|Any CPU
		{E71F3053-056C-4381-9638-048ED73BDFF6}.AppStore|iPhoneSimulator.ActiveCfg = Release|Any CPU
		{E71F3053-056C-4381-9638-048ED73BDFF6}.AppStore|iPhoneSimulator.Build.0 = Release|Any CPU
		{E71F3053-056C-4381-9638-048ED73BDFF6}.Debug|Any CPU.ActiveCfg = Debug|Any CPU
		{E71F3053-056C-4381-9638-048ED73BDFF6}.Debug|Any CPU.Build.0 = Debug|Any CPU
		{E71F3053-056C-4381-9638-048ED73BDFF6}.Debug|iPhone.ActiveCfg = Debug|Any CPU
		{E71F3053-056C-4381-9638-048ED73BDFF6}.Debug|iPhone.Build.0 = Debug|Any CPU
		{E71F3053-056C-4381-9638-048ED73BDFF6}.Debug|iPhoneSimulator.ActiveCfg = Debug|Any CPU
		{E71F3053-056C-4381-9638-048ED73BDFF6}.Debug|iPhoneSimulator.Build.0 = Debug|Any CPU
		{E71F3053-056C-4381-9638-048ED73BDFF6}.Release|Any CPU.ActiveCfg = Release|Any CPU
		{E71F3053-056C-4381-9638-048ED73BDFF6}.Release|Any CPU.Build.0 = Release|Any CPU
		{E71F3053-056C-4381-9638-048ED73BDFF6}.Release|iPhone.ActiveCfg = Release|Any CPU
		{E71F3053-056C-4381-9638-048ED73BDFF6}.Release|iPhone.Build.0 = Release|Any CPU
		{E71F3053-056C-4381-9638-048ED73BDFF6}.Release|iPhoneSimulator.ActiveCfg = Release|Any CPU
		{E71F3053-056C-4381-9638-048ED73BDFF6}.Release|iPhoneSimulator.Build.0 = Release|Any CPU
		{57D0B07F-4F4F-471C-9BCA-E4A6275CEA05}.Ad-Hoc|Any CPU.ActiveCfg = Release|Any CPU
		{57D0B07F-4F4F-471C-9BCA-E4A6275CEA05}.Ad-Hoc|Any CPU.Build.0 = Release|Any CPU
		{57D0B07F-4F4F-471C-9BCA-E4A6275CEA05}.Ad-Hoc|iPhone.ActiveCfg = Release|Any CPU
		{57D0B07F-4F4F-471C-9BCA-E4A6275CEA05}.Ad-Hoc|iPhone.Build.0 = Release|Any CPU
		{57D0B07F-4F4F-471C-9BCA-E4A6275CEA05}.Ad-Hoc|iPhoneSimulator.ActiveCfg = Release|Any CPU
		{57D0B07F-4F4F-471C-9BCA-E4A6275CEA05}.Ad-Hoc|iPhoneSimulator.Build.0 = Release|Any CPU
		{57D0B07F-4F4F-471C-9BCA-E4A6275CEA05}.AppStore|Any CPU.ActiveCfg = Release|Any CPU
		{57D0B07F-4F4F-471C-9BCA-E4A6275CEA05}.AppStore|Any CPU.Build.0 = Release|Any CPU
		{57D0B07F-4F4F-471C-9BCA-E4A6275CEA05}.AppStore|iPhone.ActiveCfg = Release|Any CPU
		{57D0B07F-4F4F-471C-9BCA-E4A6275CEA05}.AppStore|iPhone.Build.0 = Release|Any CPU
		{57D0B07F-4F4F-471C-9BCA-E4A6275CEA05}.AppStore|iPhoneSimulator.ActiveCfg = Release|Any CPU
		{57D0B07F-4F4F-471C-9BCA-E4A6275CEA05}.AppStore|iPhoneSimulator.Build.0 = Release|Any CPU
		{57D0B07F-4F4F-471C-9BCA-E4A6275CEA05}.Debug|Any CPU.ActiveCfg = Debug|Any CPU
		{57D0B07F-4F4F-471C-9BCA-E4A6275CEA05}.Debug|Any CPU.Build.0 = Debug|Any CPU
		{57D0B07F-4F4F-471C-9BCA-E4A6275CEA05}.Debug|iPhone.ActiveCfg = Debug|Any CPU
		{57D0B07F-4F4F-471C-9BCA-E4A6275CEA05}.Debug|iPhone.Build.0 = Debug|Any CPU
		{57D0B07F-4F4F-471C-9BCA-E4A6275CEA05}.Debug|iPhoneSimulator.ActiveCfg = Debug|Any CPU
		{57D0B07F-4F4F-471C-9BCA-E4A6275CEA05}.Debug|iPhoneSimulator.Build.0 = Debug|Any CPU
		{57D0B07F-4F4F-471C-9BCA-E4A6275CEA05}.Release|Any CPU.ActiveCfg = Release|Any CPU
		{57D0B07F-4F4F-471C-9BCA-E4A6275CEA05}.Release|Any CPU.Build.0 = Release|Any CPU
		{57D0B07F-4F4F-471C-9BCA-E4A6275CEA05}.Release|iPhone.ActiveCfg = Release|Any CPU
		{57D0B07F-4F4F-471C-9BCA-E4A6275CEA05}.Release|iPhone.Build.0 = Release|Any CPU
		{57D0B07F-4F4F-471C-9BCA-E4A6275CEA05}.Release|iPhoneSimulator.ActiveCfg = Release|Any CPU
		{57D0B07F-4F4F-471C-9BCA-E4A6275CEA05}.Release|iPhoneSimulator.Build.0 = Release|Any CPU
	EndGlobalSection
	GlobalSection(SolutionProperties) = preSolution
		HideSolutionNode = FALSE
	EndGlobalSection
	GlobalSection(ExtensibilityGlobals) = postSolution
		SolutionGuid = {3B46AB41-71F3-4560-AD3A-AE76EE1BB74C}
	EndGlobalSection
EndGlobal
